# This file is automatically @generated by Cargo.
# It is not intended for manual editing.
version = 3

[[package]]
name = "kimbo"
version = "0.1.0"
dependencies = [
 "kimbo_state",
]

[[package]]
name = "kimbo_state"
version = "0.1.0"
source = "git+https://github.com/JacquesRW/kimbo_state#a2b8a9e0ae8937e271b596779c81c59f5f568750"
