# This file is automatically @generated by Cargo.
# It is not intended for manual editing.
version = 3

[[package]]
name = "kimbo"
version = "0.1.0"
dependencies = [
 "kimbo_state",
]

[[package]]
name = "kimbo_state"
version = "0.1.0"
source = "git+https://github.com/JacquesRW/kimbo_state#ede181da6ad6540e601d074aa8478437319f1b19"
